
Microsoft Visual Studio Solution File, Format Version 12.00
# Visual Studio Version 17
VisualStudioVersion = 17.8.34601.278
MinimumVisualStudioVersion = 10.0.40219.1
Project("{FAE04EC0-301F-11D3-BF4B-00C04F79EFBC}") = "WebApplication1ExamenFinalOscar", "WebApplication1ExamenFinalOscar\WebApplication1ExamenFinalOscar.csproj", "{33869BA1-B756-49AF-A7E4-6F49FEC8E99A}"
EndProject
Global
	GlobalSection(SolutionConfigurationPlatforms) = preSolution
		Debug|Any CPU = Debug|Any CPU
		Release|Any CPU = Release|Any CPU
	EndGlobalSection
	GlobalSection(ProjectConfigurationPlatforms) = postSolution
		{33869BA1-B756-49AF-A7E4-6F49FEC8E99A}.Debug|Any CPU.ActiveCfg = Debug|Any CPU
		{33869BA1-B756-49AF-A7E4-6F49FEC8E99A}.Debug|Any CPU.Build.0 = Debug|Any CPU
		{33869BA1-B756-49AF-A7E4-6F49FEC8E99A}.Release|Any CPU.ActiveCfg = Release|Any CPU
		{33869BA1-B756-49AF-A7E4-6F49FEC8E99A}.Release|Any CPU.Build.0 = Release|Any CPU
	EndGlobalSection
	GlobalSection(SolutionProperties) = preSolution
		HideSolutionNode = FALSE
	EndGlobalSection
	GlobalSection(ExtensibilityGlobals) = postSolution
		SolutionGuid = {3070D6E4-002F-4DBB-B363-3ADD63C499D1}
	EndGlobalSection
EndGlobal
